
Microsoft Visual Studio Solution File, Format Version 12.00
# Visual Studio 15
VisualStudioVersion = 15.0.27703.2026
MinimumVisualStudioVersion = 10.0.40219.1
Project("{FAE04EC0-301F-11D3-BF4B-00C04F79EFBC}") = "WebAssemblySample", "WebAssemblySample\WebAssemblySample.csproj", "{73939F3D-0FF8-40DC-9944-E9858782AF40}"
EndProject
Global
	GlobalSection(SolutionConfigurationPlatforms) = preSolution
		Debug|Any CPU = Debug|Any CPU
		Release|Any CPU = Release|Any CPU
	EndGlobalSection
	GlobalSection(ProjectConfigurationPlatforms) = postSolution
		{73939F3D-0FF8-40DC-9944-E9858782AF40}.Debug|Any CPU.ActiveCfg = Debug|Any CPU
		{73939F3D-0FF8-40DC-9944-E9858782AF40}.Debug|Any CPU.Build.0 = Debug|Any CPU
		{73939F3D-0FF8-40DC-9944-E9858782AF40}.Release|Any CPU.ActiveCfg = Release|Any CPU
		{73939F3D-0FF8-40DC-9944-E9858782AF40}.Release|Any CPU.Build.0 = Release|Any CPU
	EndGlobalSection
	GlobalSection(SolutionProperties) = preSolution
		HideSolutionNode = FALSE
	EndGlobalSection
	GlobalSection(ExtensibilityGlobals) = postSolution
		SolutionGuid = {9AD7A335-2889-4CE4-8C55-A7E4FCB31DA6}
	EndGlobalSection
EndGlobal
